# This file is autogenerated, do not edit; changes may be undone by the next 'dep ensure'.


[[projects]]
  branch = "master"
  name = "code.cloudfoundry.org/lager"
  packages = ["."]
  revision = "0bfa98e49e7a976af91e918d47978f07c00b081f"

[[projects]]
  branch = "master"
  name = "github.com/cloudfoundry-incubator/cf-test-helpers"
  packages = ["cf","commandreporter","commandstarter","internal"]
  revision = "820a007a30e27f0a63666254fc19d1198536eb33"

[[projects]]
  name = "github.com/cloudfoundry-incubator/credhub-cli"
  packages = ["credhub","credhub/auth","credhub/auth/uaa","credhub/credentials","credhub/credentials/generate","credhub/credentials/values","credhub/permissions","credhub/server","errors"]
  revision = "83db856f5c3d7f3df4a3eca098b56dee0549b78a"
  version = "1.5.0"

[[projects]]
  name = "github.com/cloudfoundry/noaa"
  packages = [".","consumer","consumer/internal","errors"]
  revision = "a1d4a94e2be6711111893c59538976d07ef7ea98"
  version = "v2.1.0"

[[projects]]
  branch = "master"
  name = "github.com/cloudfoundry/sonde-go"
  packages = ["events"]
  revision = "c48c4f0332609a0e402af4ae31595204c9f7b363"

[[projects]]
  name = "github.com/coreos/go-semver"
  packages = ["semver"]
  revision = "8ab6407b697782a06568d4b7f1db25550ec2e4c6"
  version = "v0.2.0"

[[projects]]
  branch = "master"
  name = "github.com/craigfurman/herottp"
  packages = ["."]
  revision = "5c89a599c8659573e7be01fa87f2a8150fd649b7"

[[projects]]
  name = "github.com/ghodss/yaml"
  packages = ["."]
  revision = "0ca9ea5df5451ffdf184b4428c902747c2c11cd7"
  version = "v1.0.0"

[[projects]]
  name = "github.com/gogo/protobuf"
  packages = ["gogoproto","proto","protoc-gen-gogo/descriptor"]
  revision = "342cbe0a04158f6dcb03ca0079991a51a4248c02"
  version = "v0.5"

[[projects]]
  branch = "master"
  name = "github.com/golang/protobuf"
  packages = ["proto"]
  revision = "1e59b77b52bf8e4b449a57e6f79f21226d571845"

[[projects]]
  name = "github.com/gorilla/context"
  packages = ["."]
  revision = "1ea25387ff6f684839d82767c1733ff4d4d15d0a"
  version = "v1.1"

[[projects]]
  name = "github.com/gorilla/mux"
  packages = ["."]
  revision = "7f08801859139f86dfafd1c296e2cba9a80d292e"
  version = "v1.6.0"

[[projects]]
  name = "github.com/gorilla/websocket"
  packages = ["."]
  revision = "ea4d1f681babbce9545c9c5f3d5194a789c89f5b"
  version = "v1.2.0"

[[projects]]
  branch = "master"
  name = "github.com/hashicorp/go-version"
  packages = ["."]
  revision = "fc61389e27c71d120f87031ca8c88a3428f372dd"

[[projects]]
  branch = "master"
  name = "github.com/mailru/easyjson"
  packages = [".","buffer","jlexer","jwriter"]
  revision = "32fa128f234d041f196a9f3e0fea5ac9772c08e1"

[[projects]]
  name = "github.com/onsi/ginkgo"
  packages = [".","config","extensions/table","internal/codelocation","internal/containernode","internal/failer","internal/leafnodes","internal/remote","internal/spec","internal/spec_iterator","internal/specrunner","internal/suite","internal/testingtproxy","internal/writer","reporters","reporters/stenographer","reporters/stenographer/support/go-colorable","reporters/stenographer/support/go-isatty","types"]
  revision = "9eda700730cba42af70d53180f9dcce9266bc2bc"
  version = "v1.4.0"

[[projects]]
  name = "github.com/onsi/gomega"
  packages = [".","format","gbytes","gexec","ghttp","internal/assertion","internal/asyncassertion","internal/oraclematcher","internal/testingtsupport","matchers","matchers/support/goraph/bipartitegraph","matchers/support/goraph/edge","matchers/support/goraph/node","matchers/support/goraph/util","types"]
  revision = "c893efa28eb45626cdaa76c9f653b62488858837"
  version = "v1.2.0"

[[projects]]
  name = "github.com/pborman/uuid"
  packages = ["."]
  revision = "e790cca94e6cc75c7064b1332e63811d4aae1a53"
  version = "v1.1"

[[projects]]
  branch = "master"
  name = "github.com/pivotal-cf/brokerapi"
  packages = [".","auth"]
  revision = "4d9a0850fdd95695c5d20b7442e90c3d43fbb64e"

[[projects]]
  name = "github.com/pivotal-cf/on-demand-services-sdk"
  packages = ["bosh","serviceadapter"]
  revision = "beccd507080a31d44d2a604e83e7936cd2c37e43"
  version = "v0.18.0"

[[projects]]
  branch = "master"
  name = "github.com/totherme/unstructured"
  packages = ["."]
  revision = "3faf2d56d8b8f309ec97af03c6250dba70db94ff"

[[projects]]
  name = "github.com/urfave/negroni"
  packages = ["."]
  revision = "e0e50f7dc431c043cb33f91b09c3419d48b7cff5"

[[projects]]
  branch = "master"
  name = "github.com/xeipuuv/gojsonpointer"
  packages = ["."]
  revision = "6fe8760cad3569743d51ddbb243b26f8456742dc"

[[projects]]
  branch = "master"
  name = "golang.org/x/net"
  packages = ["html","html/atom","html/charset"]
  revision = "9dfe39835686865bff950a07b394c12a98ddc811"

[[projects]]
  branch = "master"
  name = "golang.org/x/sys"
  packages = ["unix"]
  revision = "328643532ee3c60c099171d4ce2cad0ca0354ca9"

[[projects]]
  branch = "master"
  name = "golang.org/x/text"
  packages = ["encoding","encoding/charmap","encoding/htmlindex","encoding/internal","encoding/internal/identifier","encoding/japanese","encoding/korean","encoding/simplifiedchinese","encoding/traditionalchinese","encoding/unicode","internal/gen","internal/tag","internal/utf8internal","language","runes","transform","unicode/cldr"]
  revision = "88f656faf3f37f690df1a32515b479415e1a6769"

[[projects]]
  name = "gopkg.in/go-playground/validator.v8"
  packages = ["."]
  revision = "5f1438d3fca68893a817e4a66806cea46a9e4ebf"
  version = "v8.18.2"

[[projects]]
  branch = "v2"
  name = "gopkg.in/yaml.v2"
  packages = ["."]
  revision = "287cf08546ab5e7e37d55a84f7ed3fd1db036de5"

[solve-meta]
  analyzer-name = "dep"
  analyzer-version = 1
  inputs-digest = "d9fc7038d7ab3838d0c4755d24c8431e0a3c8a5ba9370d7fd6a9094683e02013"
  solver-name = "gps-cdcl"
  solver-version = 1
